// !$*UTF8*$!
{
	archiveVersion = 1;
	classes = {
	};
	objectVersion = 46;
	objects = {

/* Begin PBXBuildFile section */
		84907F3D20D902CD005E174C /* shaders.metal in Sources */ = {isa = PBXBuildFile; fileRef = 84907F3C20D902CD005E174C /* shaders.metal */; };
		A1255BDB2948D82A0034E9F1 /* CartMapper_2.cpp in Sources */ = {isa = PBXBuildFile; fileRef = A1255BDA2948D82A0034E9F1 /* CartMapper_2.cpp */; };
		A1255BDE2948D85B0034E9F1 /* CartMapper_0.cpp in Sources */ = {isa = PBXBuildFile; fileRef = A1255BDC2948D85B0034E9F1 /* CartMapper_0.cpp */; };
		A1526480292A9DD60015068B /* CPU6502_InstructionDefTable.cpp in Sources */ = {isa = PBXBuildFile; fileRef = A152647F292A9DD60015068B /* CPU6502_InstructionDefTable.cpp */; };
		A17210F329241C400055A57A /* SystemNES.cpp in Sources */ = {isa = PBXBuildFile; fileRef = A17210F129241C400055A57A /* SystemNES.cpp */; };
		A17210F829241DB60055A57A /* CPU6502.cpp in Sources */ = {isa = PBXBuildFile; fileRef = A17210F629241DB60055A57A /* CPU6502.cpp */; };
		A172110D292424E50055A57A /* PPUNES.cpp in Sources */ = {isa = PBXBuildFile; fileRef = A172110B292424E50055A57A /* PPUNES.cpp */; };
		A172111A292434130055A57A /* Cartridge.cpp in Sources */ = {isa = PBXBuildFile; fileRef = A1721119292434130055A57A /* Cartridge.cpp */; };
		A175D4C3294A019F0073E3D6 /* CartMapperFactory.cpp in Sources */ = {isa = PBXBuildFile; fileRef = A175D4C2294A019F0073E3D6 /* CartMapperFactory.cpp */; };
		A1D57EED1DDB715200CA09B7 /* AppDelegate.m in Sources */ = {isa = PBXBuildFile; fileRef = A1D57EEC1DDB715200CA09B7 /* AppDelegate.m */; };
		A1D57EF01DDB715200CA09B7 /* main.m in Sources */ = {isa = PBXBuildFile; fileRef = A1D57EEF1DDB715200CA09B7 /* main.m */; };
		A1D57EF31DDB715200CA09B7 /* ViewController.m in Sources */ = {isa = PBXBuildFile; fileRef = A1D57EF21DDB715200CA09B7 /* ViewController.m */; };
		A1D57EF51DDB715200CA09B7 /* Assets.xcassets in Resources */ = {isa = PBXBuildFile; fileRef = A1D57EF41DDB715200CA09B7 /* Assets.xcassets */; };
		A1D57EF81DDB715200CA09B7 /* Main.storyboard in Resources */ = {isa = PBXBuildFile; fileRef = A1D57EF61DDB715200CA09B7 /* Main.storyboard */; };
		A1ED07801DDBA72C00697B8C /* MetalRenderer.mm in Sources */ = {isa = PBXBuildFile; fileRef = A1ED077F1DDBA72C00697B8C /* MetalRenderer.mm */; };
/* End PBXBuildFile section */

/* Begin PBXFileReference section */
		84907F3C20D902CD005E174C /* shaders.metal */ = {isa = PBXFileReference; fileEncoding = 4; lastKnownFileType = sourcecode.metal; path = shaders.metal; sourceTree = "<group>"; };
		A1255BD92948D8140034E9F1 /* CartMapper_2.h */ = {isa = PBXFileReference; lastKnownFileType = sourcecode.c.h; path = CartMapper_2.h; sourceTree = "<group>"; };
		A1255BDA2948D82A0034E9F1 /* CartMapper_2.cpp */ = {isa = PBXFileReference; lastKnownFileType = sourcecode.cpp.cpp; path = CartMapper_2.cpp; sourceTree = "<group>"; };
		A1255BDC2948D85B0034E9F1 /* CartMapper_0.cpp */ = {isa = PBXFileReference; fileEncoding = 4; lastKnownFileType = sourcecode.cpp.cpp; path = CartMapper_0.cpp; sourceTree = "<group>"; };
		A1255BDD2948D85B0034E9F1 /* CartMapper_0.h */ = {isa = PBXFileReference; fileEncoding = 4; lastKnownFileType = sourcecode.c.h; path = CartMapper_0.h; sourceTree = "<group>"; };
		A152647F292A9DD60015068B /* CPU6502_InstructionDefTable.cpp */ = {isa = PBXFileReference; lastKnownFileType = sourcecode.cpp.cpp; path = CPU6502_InstructionDefTable.cpp; sourceTree = "<group>"; };
		A1718B462922D7B8007BA5CD /* RenderDefs.h */ = {isa = PBXFileReference; fileEncoding = 4; lastKnownFileType = sourcecode.c.h; path = RenderDefs.h; sourceTree = "<group>"; };
		A17210F129241C400055A57A /* SystemNES.cpp */ = {isa = PBXFileReference; lastKnownFileType = sourcecode.cpp.cpp; path = SystemNES.cpp; sourceTree = "<group>"; };
		A17210F229241C400055A57A /* SystemNES.h */ = {isa = PBXFileReference; lastKnownFileType = sourcecode.c.h; path = SystemNES.h; sourceTree = "<group>"; };
		A17210F629241DB60055A57A /* CPU6502.cpp */ = {isa = PBXFileReference; lastKnownFileType = sourcecode.cpp.cpp; path = CPU6502.cpp; sourceTree = "<group>"; };
		A17210F729241DB60055A57A /* CPU6502.h */ = {isa = PBXFileReference; lastKnownFileType = sourcecode.c.h; path = CPU6502.h; sourceTree = "<group>"; };
		A172110B292424E50055A57A /* PPUNES.cpp */ = {isa = PBXFileReference; lastKnownFileType = sourcecode.cpp.cpp; path = PPUNES.cpp; sourceTree = "<group>"; };
		A172110C292424E50055A57A /* PPUNES.h */ = {isa = PBXFileReference; lastKnownFileType = sourcecode.c.h; path = PPUNES.h; sourceTree = "<group>"; };
		A1721113292427240055A57A /* Cartridge.h */ = {isa = PBXFileReference; lastKnownFileType = sourcecode.c.h; path = Cartridge.h; sourceTree = "<group>"; };
		A1721114292427380055A57A /* IOBus.h */ = {isa = PBXFileReference; lastKnownFileType = sourcecode.c.h; path = IOBus.h; sourceTree = "<group>"; };
		A1721119292434130055A57A /* Cartridge.cpp */ = {isa = PBXFileReference; lastKnownFileType = sourcecode.cpp.cpp; path = Cartridge.cpp; sourceTree = "<group>"; };
		A175D4C1294A01830073E3D6 /* CartMapperFactory.h */ = {isa = PBXFileReference; lastKnownFileType = sourcecode.c.h; path = CartMapperFactory.h; sourceTree = "<group>"; };
		A175D4C2294A019F0073E3D6 /* CartMapperFactory.cpp */ = {isa = PBXFileReference; lastKnownFileType = sourcecode.cpp.cpp; path = CartMapperFactory.cpp; sourceTree = "<group>"; };
		A1D57EE81DDB715200CA09B7 /* NES.app */ = {isa = PBXFileReference; explicitFileType = wrapper.application; includeInIndex = 0; path = NES.app; sourceTree = BUILT_PRODUCTS_DIR; };
		A1D57EEB1DDB715200CA09B7 /* AppDelegate.h */ = {isa = PBXFileReference; lastKnownFileType = sourcecode.c.h; path = AppDelegate.h; sourceTree = "<group>"; };
		A1D57EEC1DDB715200CA09B7 /* AppDelegate.m */ = {isa = PBXFileReference; lastKnownFileType = sourcecode.c.objc; path = AppDelegate.m; sourceTree = "<group>"; };
		A1D57EEF1DDB715200CA09B7 /* main.m */ = {isa = PBXFileReference; lastKnownFileType = sourcecode.c.objc; path = main.m; sourceTree = "<group>"; };
		A1D57EF11DDB715200CA09B7 /* ViewController.h */ = {isa = PBXFileReference; lastKnownFileType = sourcecode.c.h; path = ViewController.h; sourceTree = "<group>"; };
		A1D57EF21DDB715200CA09B7 /* ViewController.m */ = {isa = PBXFileReference; lastKnownFileType = sourcecode.c.objc; path = ViewController.m; sourceTree = "<group>"; };
		A1D57EF41DDB715200CA09B7 /* Assets.xcassets */ = {isa = PBXFileReference; lastKnownFileType = folder.assetcatalog; path = Assets.xcassets; sourceTree = "<group>"; };
		A1D57EF71DDB715200CA09B7 /* Base */ = {isa = PBXFileReference; lastKnownFileType = file.storyboard; name = Base; path = Base.lproj/Main.storyboard; sourceTree = "<group>"; };
		A1D57EF91DDB715200CA09B7 /* Info.plist */ = {isa = PBXFileReference; lastKnownFileType = text.plist.xml; path = Info.plist; sourceTree = "<group>"; };
		A1ED077E1DDBA71800697B8C /* MetalRenderer.h */ = {isa = PBXFileReference; lastKnownFileType = sourcecode.c.h; path = MetalRenderer.h; sourceTree = "<group>"; };
		A1ED077F1DDBA72C00697B8C /* MetalRenderer.mm */ = {isa = PBXFileReference; fileEncoding = 4; lastKnownFileType = sourcecode.cpp.objcpp; path = MetalRenderer.mm; sourceTree = "<group>"; };
/* End PBXFileReference section */

/* Begin PBXFrameworksBuildPhase section */
		A1D57EE51DDB715200CA09B7 /* Frameworks */ = {
			isa = PBXFrameworksBuildPhase;
			buildActionMask = 2147483647;
			files = (
			);
			runOnlyForDeploymentPostprocessing = 0;
		};
/* End PBXFrameworksBuildPhase section */

/* Begin PBXGroup section */
		A1255BD82948D7E30034E9F1 /* Mappers */ = {
			isa = PBXGroup;
			children = (
				A175D4C1294A01830073E3D6 /* CartMapperFactory.h */,
				A175D4C2294A019F0073E3D6 /* CartMapperFactory.cpp */,
				A1255BDD2948D85B0034E9F1 /* CartMapper_0.h */,
				A1255BDC2948D85B0034E9F1 /* CartMapper_0.cpp */,
				A1255BD92948D8140034E9F1 /* CartMapper_2.h */,
				A1255BDA2948D82A0034E9F1 /* CartMapper_2.cpp */,
			);
			path = Mappers;
			sourceTree = "<group>";
		};
		A16D8D6F233A727B0062A78D /* OS-Wrapper */ = {
			isa = PBXGroup;
			children = (
				A1718B462922D7B8007BA5CD /* RenderDefs.h */,
				84907F3C20D902CD005E174C /* shaders.metal */,
				A1ED077E1DDBA71800697B8C /* MetalRenderer.h */,
				A1ED077F1DDBA72C00697B8C /* MetalRenderer.mm */,
			);
			name = "OS-Wrapper";
			sourceTree = "<group>";
		};
		A17210F029241C180055A57A /* Core */ = {
			isa = PBXGroup;
			children = (
				A1721114292427380055A57A /* IOBus.h */,
				A17210F229241C400055A57A /* SystemNES.h */,
				A17210F129241C400055A57A /* SystemNES.cpp */,
				A17210F729241DB60055A57A /* CPU6502.h */,
				A17210F629241DB60055A57A /* CPU6502.cpp */,
				A152647F292A9DD60015068B /* CPU6502_InstructionDefTable.cpp */,
				A172110C292424E50055A57A /* PPUNES.h */,
				A172110B292424E50055A57A /* PPUNES.cpp */,
				A1721113292427240055A57A /* Cartridge.h */,
				A1721119292434130055A57A /* Cartridge.cpp */,
				A1255BD82948D7E30034E9F1 /* Mappers */,
			);
			path = Core;
			sourceTree = "<group>";
		};
		A1D57EDF1DDB715200CA09B7 = {
			isa = PBXGroup;
			children = (
				A1D57EEA1DDB715200CA09B7 /* NES */,
				A1D57EE91DDB715200CA09B7 /* Products */,
			);
			sourceTree = "<group>";
		};
		A1D57EE91DDB715200CA09B7 /* Products */ = {
			isa = PBXGroup;
			children = (
				A1D57EE81DDB715200CA09B7 /* NES.app */,
			);
			name = Products;
			sourceTree = "<group>";
		};
		A1D57EEA1DDB715200CA09B7 /* NES */ = {
			isa = PBXGroup;
			children = (
				A16D8D6F233A727B0062A78D /* OS-Wrapper */,
				A17210F029241C180055A57A /* Core */,
				A1D57EEB1DDB715200CA09B7 /* AppDelegate.h */,
				A1D57EEC1DDB715200CA09B7 /* AppDelegate.m */,
				A1D57EF11DDB715200CA09B7 /* ViewController.h */,
				A1D57EF21DDB715200CA09B7 /* ViewController.m */,
				A1D57EF41DDB715200CA09B7 /* Assets.xcassets */,
				A1D57EF61DDB715200CA09B7 /* Main.storyboard */,
				A1D57EF91DDB715200CA09B7 /* Info.plist */,
				A1D57EEE1DDB715200CA09B7 /* Supporting Files */,
			);
			path = NES;
			sourceTree = "<group>";
		};
		A1D57EEE1DDB715200CA09B7 /* Supporting Files */ = {
			isa = PBXGroup;
			children = (
				A1D57EEF1DDB715200CA09B7 /* main.m */,
			);
			name = "Supporting Files";
			sourceTree = "<group>";
		};
/* End PBXGroup section */

/* Begin PBXNativeTarget section */
		A1D57EE71DDB715200CA09B7 /* NES */ = {
			isa = PBXNativeTarget;
			buildConfigurationList = A1D57EFC1DDB715200CA09B7 /* Build configuration list for PBXNativeTarget "NES" */;
			buildPhases = (
				A1D57EE41DDB715200CA09B7 /* Sources */,
				A1D57EE51DDB715200CA09B7 /* Frameworks */,
				A1D57EE61DDB715200CA09B7 /* Resources */,
			);
			buildRules = (
			);
			dependencies = (
			);
			name = NES;
			productName = MetalTest;
			productReference = A1D57EE81DDB715200CA09B7 /* NES.app */;
			productType = "com.apple.product-type.application";
		};
/* End PBXNativeTarget section */

/* Begin PBXProject section */
		A1D57EE01DDB715200CA09B7 /* Project object */ = {
			isa = PBXProject;
			attributes = {
				LastUpgradeCheck = 1240;
				ORGANIZATIONNAME = openplanetsoftware;
				TargetAttributes = {
					A1D57EE71DDB715200CA09B7 = {
						CreatedOnToolsVersion = 8.1;
						DevelopmentTeam = K63KP93E6T;
						ProvisioningStyle = Automatic;
					};
				};
			};
			buildConfigurationList = A1D57EE31DDB715200CA09B7 /* Build configuration list for PBXProject "NES" */;
			compatibilityVersion = "Xcode 3.2";
			developmentRegion = en;
			hasScannedForEncodings = 0;
			knownRegions = (
				en,
				Base,
			);
			mainGroup = A1D57EDF1DDB715200CA09B7;
			productRefGroup = A1D57EE91DDB715200CA09B7 /* Products */;
			projectDirPath = "";
			projectRoot = "";
			targets = (
				A1D57EE71DDB715200CA09B7 /* NES */,
			);
		};
/* End PBXProject section */

/* Begin PBXResourcesBuildPhase section */
		A1D57EE61DDB715200CA09B7 /* Resources */ = {
			isa = PBXResourcesBuildPhase;
			buildActionMask = 2147483647;
			files = (
				A1D57EF51DDB715200CA09B7 /* Assets.xcassets in Resources */,
				A1D57EF81DDB715200CA09B7 /* Main.storyboard in Resources */,
			);
			runOnlyForDeploymentPostprocessing = 0;
		};
/* End PBXResourcesBuildPhase section */

/* Begin PBXSourcesBuildPhase section */
		A1D57EE41DDB715200CA09B7 /* Sources */ = {
			isa = PBXSourcesBuildPhase;
			buildActionMask = 2147483647;
			files = (
				A1ED07801DDBA72C00697B8C /* MetalRenderer.mm in Sources */,
				A1526480292A9DD60015068B /* CPU6502_InstructionDefTable.cpp in Sources */,
				A1255BDB2948D82A0034E9F1 /* CartMapper_2.cpp in Sources */,
				A17210F329241C400055A57A /* SystemNES.cpp in Sources */,
				A1D57EF31DDB715200CA09B7 /* ViewController.m in Sources */,
				A175D4C3294A019F0073E3D6 /* CartMapperFactory.cpp in Sources */,
				A1D57EF01DDB715200CA09B7 /* main.m in Sources */,
				A172111A292434130055A57A /* Cartridge.cpp in Sources */,
				84907F3D20D902CD005E174C /* shaders.metal in Sources */,
				A17210F829241DB60055A57A /* CPU6502.cpp in Sources */,
				A172110D292424E50055A57A /* PPUNES.cpp in Sources */,
				A1D57EED1DDB715200CA09B7 /* AppDelegate.m in Sources */,
				A1255BDE2948D85B0034E9F1 /* CartMapper_0.cpp in Sources */,
			);
			runOnlyForDeploymentPostprocessing = 0;
		};
/* End PBXSourcesBuildPhase section */

/* Begin PBXVariantGroup section */
		A1D57EF61DDB715200CA09B7 /* Main.storyboard */ = {
			isa = PBXVariantGroup;
			children = (
				A1D57EF71DDB715200CA09B7 /* Base */,
			);
			name = Main.storyboard;
			sourceTree = "<group>";
		};
/* End PBXVariantGroup section */

/* Begin XCBuildConfiguration section */
		A1D57EFA1DDB715200CA09B7 /* Debug */ = {
			isa = XCBuildConfiguration;
			buildSettings = {
				ALWAYS_SEARCH_USER_PATHS = NO;
				CLANG_ANALYZER_LOCALIZABILITY_NONLOCALIZED = YES;
				CLANG_ANALYZER_NONNULL = YES;
				CLANG_CXX_LANGUAGE_STANDARD = "gnu++0x";
				CLANG_CXX_LIBRARY = "libc++";
				CLANG_ENABLE_MODULES = YES;
				CLANG_ENABLE_OBJC_ARC = YES;
				CLANG_WARN_BLOCK_CAPTURE_AUTORELEASING = YES;
				CLANG_WARN_BOOL_CONVERSION = YES;
				CLANG_WARN_COMMA = YES;
				CLANG_WARN_CONSTANT_CONVERSION = YES;
				CLANG_WARN_DEPRECATED_OBJC_IMPLEMENTATIONS = YES;
				CLANG_WARN_DIRECT_OBJC_ISA_USAGE = YES_ERROR;
				CLANG_WARN_DOCUMENTATION_COMMENTS = YES;
				CLANG_WARN_EMPTY_BODY = YES;
				CLANG_WARN_ENUM_CONVERSION = YES;
				CLANG_WARN_INFINITE_RECURSION = YES;
				CLANG_WARN_INT_CONVERSION = YES;
				CLANG_WARN_NON_LITERAL_NULL_CONVERSION = YES;
				CLANG_WARN_OBJC_IMPLICIT_RETAIN_SELF = YES;
				CLANG_WARN_OBJC_LITERAL_CONVERSION = YES;
				CLANG_WARN_OBJC_ROOT_CLASS = YES_ERROR;
				CLANG_WARN_QUOTED_INCLUDE_IN_FRAMEWORK_HEADER = YES;
				CLANG_WARN_RANGE_LOOP_ANALYSIS = YES;
				CLANG_WARN_STRICT_PROTOTYPES = YES;
				CLANG_WARN_SUSPICIOUS_MOVE = YES;
				CLANG_WARN_SUSPICIOUS_MOVES = YES;
				CLANG_WARN_UNREACHABLE_CODE = YES;
				CLANG_WARN__DUPLICATE_METHOD_MATCH = YES;
				CODE_SIGN_IDENTITY = "-";
				COPY_PHASE_STRIP = NO;
				DEBUG_INFORMATION_FORMAT = dwarf;
				ENABLE_STRICT_OBJC_MSGSEND = YES;
				ENABLE_TESTABILITY = YES;
				GCC_C_LANGUAGE_STANDARD = gnu99;
				GCC_DYNAMIC_NO_PIC = NO;
				GCC_NO_COMMON_BLOCKS = YES;
				GCC_OPTIMIZATION_LEVEL = 0;
				GCC_PREPROCESSOR_DEFINITIONS = (
					"DEBUG=1",
					"$(inherited)",
				);
				GCC_WARN_64_TO_32_BIT_CONVERSION = YES;
				GCC_WARN_ABOUT_RETURN_TYPE = YES_ERROR;
				GCC_WARN_UNDECLARED_SELECTOR = YES;
				GCC_WARN_UNINITIALIZED_AUTOS = YES_AGGRESSIVE;
				GCC_WARN_UNUSED_FUNCTION = YES;
				GCC_WARN_UNUSED_VARIABLE = YES;
				MACOSX_DEPLOYMENT_TARGET = 10.15;
				MTL_ENABLE_DEBUG_INFO = YES;
				ONLY_ACTIVE_ARCH = YES;
				SDKROOT = macosx;
			};
			name = Debug;
		};
		A1D57EFB1DDB715200CA09B7 /* Release */ = {
			isa = XCBuildConfiguration;
			buildSettings = {
				ALWAYS_SEARCH_USER_PATHS = NO;
				CLANG_ANALYZER_LOCALIZABILITY_NONLOCALIZED = YES;
				CLANG_ANALYZER_NONNULL = YES;
				CLANG_CXX_LANGUAGE_STANDARD = "gnu++0x";
				CLANG_CXX_LIBRARY = "libc++";
				CLANG_ENABLE_MODULES = YES;
				CLANG_ENABLE_OBJC_ARC = YES;
				CLANG_WARN_BLOCK_CAPTURE_AUTORELEASING = YES;
				CLANG_WARN_BOOL_CONVERSION = YES;
				CLANG_WARN_COMMA = YES;
				CLANG_WARN_CONSTANT_CONVERSION = YES;
				CLANG_WARN_DEPRECATED_OBJC_IMPLEMENTATIONS = YES;
				CLANG_WARN_DIRECT_OBJC_ISA_USAGE = YES_ERROR;
				CLANG_WARN_DOCUMENTATION_COMMENTS = YES;
				CLANG_WARN_EMPTY_BODY = YES;
				CLANG_WARN_ENUM_CONVERSION = YES;
				CLANG_WARN_INFINITE_RECURSION = YES;
				CLANG_WARN_INT_CONVERSION = YES;
				CLANG_WARN_NON_LITERAL_NULL_CONVERSION = YES;
				CLANG_WARN_OBJC_IMPLICIT_RETAIN_SELF = YES;
				CLANG_WARN_OBJC_LITERAL_CONVERSION = YES;
				CLANG_WARN_OBJC_ROOT_CLASS = YES_ERROR;
				CLANG_WARN_QUOTED_INCLUDE_IN_FRAMEWORK_HEADER = YES;
				CLANG_WARN_RANGE_LOOP_ANALYSIS = YES;
				CLANG_WARN_STRICT_PROTOTYPES = YES;
				CLANG_WARN_SUSPICIOUS_MOVE = YES;
				CLANG_WARN_SUSPICIOUS_MOVES = YES;
				CLANG_WARN_UNREACHABLE_CODE = YES;
				CLANG_WARN__DUPLICATE_METHOD_MATCH = YES;
				CODE_SIGN_IDENTITY = "-";
				COPY_PHASE_STRIP = NO;
				DEBUG_INFORMATION_FORMAT = "dwarf-with-dsym";
				ENABLE_NS_ASSERTIONS = NO;
				ENABLE_STRICT_OBJC_MSGSEND = YES;
				GCC_C_LANGUAGE_STANDARD = gnu99;
				GCC_NO_COMMON_BLOCKS = YES;
				GCC_WARN_64_TO_32_BIT_CONVERSION = YES;
				GCC_WARN_ABOUT_RETURN_TYPE = YES_ERROR;
				GCC_WARN_UNDECLARED_SELECTOR = YES;
				GCC_WARN_UNINITIALIZED_AUTOS = YES_AGGRESSIVE;
				GCC_WARN_UNUSED_FUNCTION = YES;
				GCC_WARN_UNUSED_VARIABLE = YES;
				MACOSX_DEPLOYMENT_TARGET = 10.15;
				MTL_ENABLE_DEBUG_INFO = NO;
				SDKROOT = macosx;
			};
			name = Release;
		};
		A1D57EFD1DDB715200CA09B7 /* Debug */ = {
			isa = XCBuildConfiguration;
			buildSettings = {
				ASSETCATALOG_COMPILER_APPICON_NAME = AppIcon;
				CLANG_ALLOW_NON_MODULAR_INCLUDES_IN_FRAMEWORK_MODULES = NO;
				CODE_SIGN_IDENTITY = "-";
				COMBINE_HIDPI_IMAGES = YES;
				DEVELOPMENT_TEAM = K63KP93E6T;
				INFOPLIST_FILE = NES/Info.plist;
				LD_RUNPATH_SEARCH_PATHS = "$(inherited) @executable_path/../Frameworks";
				MACOSX_DEPLOYMENT_TARGET = 10.15;
				MTL_ENABLE_DEBUG_INFO = INCLUDE_SOURCE;
				MTL_LANGUAGE_REVISION = UseDeploymentTarget;
				MTL_OPTIMIZATION_LEVEL = 0;
				PRODUCT_BUNDLE_IDENTIFIER = com.openplanetsoftware.NES;
				PRODUCT_NAME = "$(TARGET_NAME)";
			};
			name = Debug;
		};
		A1D57EFE1DDB715200CA09B7 /* Release */ = {
			isa = XCBuildConfiguration;
			buildSettings = {
				ASSETCATALOG_COMPILER_APPICON_NAME = AppIcon;
				CLANG_ALLOW_NON_MODULAR_INCLUDES_IN_FRAMEWORK_MODULES = NO;
				CODE_SIGN_IDENTITY = "-";
				COMBINE_HIDPI_IMAGES = YES;
				DEVELOPMENT_TEAM = K63KP93E6T;
				INFOPLIST_FILE = NES/Info.plist;
				LD_RUNPATH_SEARCH_PATHS = "$(inherited) @executable_path/../Frameworks";
				MACOSX_DEPLOYMENT_TARGET = 10.15;
				MTL_ENABLE_DEBUG_INFO = INCLUDE_SOURCE;
				MTL_LANGUAGE_REVISION = UseDeploymentTarget;
				MTL_OPTIMIZATION_LEVEL = 0;
				PRODUCT_BUNDLE_IDENTIFIER = com.openplanetsoftware.NES;
				PRODUCT_NAME = "$(TARGET_NAME)";
			};
			name = Release;
		};
/* End XCBuildConfiguration section */

/* Begin XCConfigurationList section */
		A1D57EE31DDB715200CA09B7 /* Build configuration list for PBXProject "NES" */ = {
			isa = XCConfigurationList;
			buildConfigurations = (
				A1D57EFA1DDB715200CA09B7 /* Debug */,
				A1D57EFB1DDB715200CA09B7 /* Release */,
			);
			defaultConfigurationIsVisible = 0;
			defaultConfigurationName = Release;
		};
		A1D57EFC1DDB715200CA09B7 /* Build configuration list for PBXNativeTarget "NES" */ = {
			isa = XCConfigurationList;
			buildConfigurations = (
				A1D57EFD1DDB715200CA09B7 /* Debug */,
				A1D57EFE1DDB715200CA09B7 /* Release */,
			);
			defaultConfigurationIsVisible = 0;
			defaultConfigurationName = Release;
		};
/* End XCConfigurationList section */
	};
	rootObject = A1D57EE01DDB715200CA09B7 /* Project object */;
}
